
Microsoft Visual Studio Solution File, Format Version 12.00
# Visual Studio Version 17
VisualStudioVersion = 17.0.31903.59
MinimumVisualStudioVersion = 10.0.40219.1
Project("{2150E333-8FDC-42A3-9474-1A3956D46DE8}") = "src", "src", "{827E0CD3-B72D-47B6-A68D-7590B98EB39B}"
EndProject
Project("{FAE04EC0-301F-11D3-BF4B-00C04F79EFBC}") = "GoodHamburger.Api", "src\GoodHamburger.Api\GoodHamburger.Api.csproj", "{C5506F7E-C9A3-4DA6-B9E0-72629ACD2B87}"
EndProject
Project("{FAE04EC0-301F-11D3-BF4B-00C04F79EFBC}") = "GoodHamburger.Application", "src\GoodHamburger.Application\GoodHamburger.Application.csproj", "{4E54B251-3984-4008-BAB4-8F77AD42897D}"
EndProject
Project("{FAE04EC0-301F-11D3-BF4B-00C04F79EFBC}") = "GoodHamburger.Domain", "src\GoodHamburger.Domain\GoodHamburger.Domain.csproj", "{690D53B3-2004-4E35-8251-C10428703CFC}"
EndProject
Project("{FAE04EC0-301F-11D3-BF4B-00C04F79EFBC}") = "GoodHamburger.Infrastructure", "src\GoodHamburger.Infrastructure\GoodHamburger.Infrastructure.csproj", "{E10AEBA1-3FC0-42B5-BD6B-857766784EC4}"
EndProject
Project("{2150E333-8FDC-42A3-9474-1A3956D46DE8}") = "tests", "tests", "{0AB3BF05-4346-4AA6-1389-037BE0695223}"
EndProject
Project("{FAE04EC0-301F-11D3-BF4B-00C04F79EFBC}") = "GoodHamburger.UnitTests", "tests\GoodHamburger.UnitTests\GoodHamburger.UnitTests.csproj", "{6B3AA00D-4CCE-40E4-A2A6-FAAF5F267FD2}"
EndProject
Global
	GlobalSection(SolutionConfigurationPlatforms) = preSolution
		Debug|Any CPU = Debug|Any CPU
		Debug|x64 = Debug|x64
		Debug|x86 = Debug|x86
		Release|Any CPU = Release|Any CPU
		Release|x64 = Release|x64
		Release|x86 = Release|x86
	EndGlobalSection
	GlobalSection(ProjectConfigurationPlatforms) = postSolution
		{C5506F7E-C9A3-4DA6-B9E0-72629ACD2B87}.Debug|Any CPU.ActiveCfg = Debug|Any CPU
		{C5506F7E-C9A3-4DA6-B9E0-72629ACD2B87}.Debug|Any CPU.Build.0 = Debug|Any CPU
		{C5506F7E-C9A3-4DA6-B9E0-72629ACD2B87}.Debug|x64.ActiveCfg = Debug|Any CPU
		{C5506F7E-C9A3-4DA6-B9E0-72629ACD2B87}.Debug|x64.Build.0 = Debug|Any CPU
		{C5506F7E-C9A3-4DA6-B9E0-72629ACD2B87}.Debug|x86.ActiveCfg = Debug|Any CPU
		{C5506F7E-C9A3-4DA6-B9E0-72629ACD2B87}.Debug|x86.Build.0 = Debug|Any CPU
		{C5506F7E-C9A3-4DA6-B9E0-72629ACD2B87}.Release|Any CPU.ActiveCfg = Release|Any CPU
		{C5506F7E-C9A3-4DA6-B9E0-72629ACD2B87}.Release|Any CPU.Build.0 = Release|Any CPU
		{C5506F7E-C9A3-4DA6-B9E0-72629ACD2B87}.Release|x64.ActiveCfg = Release|Any CPU
		{C5506F7E-C9A3-4DA6-B9E0-72629ACD2B87}.Release|x64.Build.0 = Release|Any CPU
		{C5506F7E-C9A3-4DA6-B9E0-72629ACD2B87}.Release|x86.ActiveCfg = Release|Any CPU
		{C5506F7E-C9A3-4DA6-B9E0-72629ACD2B87}.Release|x86.Build.0 = Release|Any CPU
		{4E54B251-3984-4008-BAB4-8F77AD42897D}.Debug|Any CPU.ActiveCfg = Debug|Any CPU
		{4E54B251-3984-4008-BAB4-8F77AD42897D}.Debug|Any CPU.Build.0 = Debug|Any CPU
		{4E54B251-3984-4008-BAB4-8F77AD42897D}.Debug|x64.ActiveCfg = Debug|Any CPU
		{4E54B251-3984-4008-BAB4-8F77AD42897D}.Debug|x64.Build.0 = Debug|Any CPU
		{4E54B251-3984-4008-BAB4-8F77AD42897D}.Debug|x86.ActiveCfg = Debug|Any CPU
		{4E54B251-3984-4008-BAB4-8F77AD42897D}.Debug|x86.Build.0 = Debug|Any CPU
		{4E54B251-3984-4008-BAB4-8F77AD42897D}.Release|Any CPU.ActiveCfg = Release|Any CPU
		{4E54B251-3984-4008-BAB4-8F77AD42897D}.Release|Any CPU.Build.0 = Release|Any CPU
		{4E54B251-3984-4008-BAB4-8F77AD42897D}.Release|x64.ActiveCfg = Release|Any CPU
		{4E54B251-3984-4008-BAB4-8F77AD42897D}.Release|x64.Build.0 = Release|Any CPU
		{4E54B251-3984-4008-BAB4-8F77AD42897D}.Release|x86.ActiveCfg = Release|Any CPU
		{4E54B251-3984-4008-BAB4-8F77AD42897D}.Release|x86.Build.0 = Release|Any CPU
		{690D53B3-2004-4E35-8251-C10428703CFC}.Debug|Any CPU.ActiveCfg = Debug|Any CPU
		{690D53B3-2004-4E35-8251-C10428703CFC}.Debug|Any CPU.Build.0 = Debug|Any CPU
		{690D53B3-2004-4E35-8251-C10428703CFC}.Debug|x64.ActiveCfg = Debug|Any CPU
		{690D53B3-2004-4E35-8251-C10428703CFC}.Debug|x64.Build.0 = Debug|Any CPU
		{690D53B3-2004-4E35-8251-C10428703CFC}.Debug|x86.ActiveCfg = Debug|Any CPU
		{690D53B3-2004-4E35-8251-C10428703CFC}.Debug|x86.Build.0 = Debug|Any CPU
		{690D53B3-2004-4E35-8251-C10428703CFC}.Release|Any CPU.ActiveCfg = Release|Any CPU
		{690D53B3-2004-4E35-8251-C10428703CFC}.Release|Any CPU.Build.0 = Release|Any CPU
		{690D53B3-2004-4E35-8251-C10428703CFC}.Release|x64.ActiveCfg = Release|Any CPU
		{690D53B3-2004-4E35-8251-C10428703CFC}.Release|x64.Build.0 = Release|Any CPU
		{690D53B3-2004-4E35-8251-C10428703CFC}.Release|x86.ActiveCfg = Release|Any CPU
		{690D53B3-2004-4E35-8251-C10428703CFC}.Release|x86.Build.0 = Release|Any CPU
		{E10AEBA1-3FC0-42B5-BD6B-857766784EC4}.Debug|Any CPU.ActiveCfg = Debug|Any CPU
		{E10AEBA1-3FC0-42B5-BD6B-857766784EC4}.Debug|Any CPU.Build.0 = Debug|Any CPU
		{E10AEBA1-3FC0-42B5-BD6B-857766784EC4}.Debug|x64.ActiveCfg = Debug|Any CPU
		{E10AEBA1-3FC0-42B5-BD6B-857766784EC4}.Debug|x64.Build.0 = Debug|Any CPU
		{E10AEBA1-3FC0-42B5-BD6B-857766784EC4}.Debug|x86.ActiveCfg = Debug|Any CPU
		{E10AEBA1-3FC0-42B5-BD6B-857766784EC4}.Debug|x86.Build.0 = Debug|Any CPU
		{E10AEBA1-3FC0-42B5-BD6B-857766784EC4}.Release|Any CPU.ActiveCfg = Release|Any CPU
		{E10AEBA1-3FC0-42B5-BD6B-857766784EC4}.Release|Any CPU.Build.0 = Release|Any CPU
		{E10AEBA1-3FC0-42B5-BD6B-857766784EC4}.Release|x64.ActiveCfg = Release|Any CPU
		{E10AEBA1-3FC0-42B5-BD6B-857766784EC4}.Release|x64.Build.0 = Release|Any CPU
		{E10AEBA1-3FC0-42B5-BD6B-857766784EC4}.Release|x86.ActiveCfg = Release|Any CPU
		{E10AEBA1-3FC0-42B5-BD6B-857766784EC4}.Release|x86.Build.0 = Release|Any CPU
		{6B3AA00D-4CCE-40E4-A2A6-FAAF5F267FD2}.Debug|Any CPU.ActiveCfg = Debug|Any CPU
		{6B3AA00D-4CCE-40E4-A2A6-FAAF5F267FD2}.Debug|Any CPU.Build.0 = Debug|Any CPU
		{6B3AA00D-4CCE-40E4-A2A6-FAAF5F267FD2}.Debug|x64.ActiveCfg = Debug|Any CPU
		{6B3AA00D-4CCE-40E4-A2A6-FAAF5F267FD2}.Debug|x64.Build.0 = Debug|Any CPU
		{6B3AA00D-4CCE-40E4-A2A6-FAAF5F267FD2}.Debug|x86.ActiveCfg = Debug|Any CPU
		{6B3AA00D-4CCE-40E4-A2A6-FAAF5F267FD2}.Debug|x86.Build.0 = Debug|Any CPU
		{6B3AA00D-4CCE-40E4-A2A6-FAAF5F267FD2}.Release|Any CPU.ActiveCfg = Release|Any CPU
		{6B3AA00D-4CCE-40E4-A2A6-FAAF5F267FD2}.Release|Any CPU.Build.0 = Release|Any CPU
		{6B3AA00D-4CCE-40E4-A2A6-FAAF5F267FD2}.Release|x64.ActiveCfg = Release|Any CPU
		{6B3AA00D-4CCE-40E4-A2A6-FAAF5F267FD2}.Release|x64.Build.0 = Release|Any CPU
		{6B3AA00D-4CCE-40E4-A2A6-FAAF5F267FD2}.Release|x86.ActiveCfg = Release|Any CPU
		{6B3AA00D-4CCE-40E4-A2A6-FAAF5F267FD2}.Release|x86.Build.0 = Release|Any CPU
	EndGlobalSection
	GlobalSection(SolutionProperties) = preSolution
		HideSolutionNode = FALSE
	EndGlobalSection
	GlobalSection(NestedProjects) = preSolution
		{C5506F7E-C9A3-4DA6-B9E0-72629ACD2B87} = {827E0CD3-B72D-47B6-A68D-7590B98EB39B}
		{4E54B251-3984-4008-BAB4-8F77AD42897D} = {827E0CD3-B72D-47B6-A68D-7590B98EB39B}
		{690D53B3-2004-4E35-8251-C10428703CFC} = {827E0CD3-B72D-47B6-A68D-7590B98EB39B}
		{E10AEBA1-3FC0-42B5-BD6B-857766784EC4} = {827E0CD3-B72D-47B6-A68D-7590B98EB39B}
		{6B3AA00D-4CCE-40E4-A2A6-FAAF5F267FD2} = {0AB3BF05-4346-4AA6-1389-037BE0695223}
	EndGlobalSection
EndGlobal
